{
  "name": "@smartive-education/todo-insert-package-name-here",
  "version": "0.0.0-development",
  "lockfileVersion": 2,
  "requires": true,
  "packages": {
    "": {
      "name": "@smartive-education/todo-insert-package-name-here",
      "version": "0.0.0-development",
      "devDependencies": {}
    }
  }
}
